
Microsoft Visual Studio Solution File, Format Version 12.00
# Visual Studio 15
VisualStudioVersion = 15.0.26430.12
MinimumVisualStudioVersion = 10.0.40219.1
Project("{FAE04EC0-301F-11D3-BF4B-00C04F79EFBC}") = "test_app_for_cortana", "test_app_for_cortana\test_app_for_cortana.csproj", "{787E5DF2-CDC9-4FDF-8E7F-DF994D0809C9}"
EndProject
Global
	GlobalSection(SolutionConfigurationPlatforms) = preSolution
		Debug|ARM = Debug|ARM
		Debug|x64 = Debug|x64
		Debug|x86 = Debug|x86
		Release|ARM = Release|ARM
		Release|x64 = Release|x64
		Release|x86 = Release|x86
	EndGlobalSection
	GlobalSection(ProjectConfigurationPlatforms) = postSolution
		{787E5DF2-CDC9-4FDF-8E7F-DF994D0809C9}.Debug|ARM.ActiveCfg = Debug|ARM
		{787E5DF2-CDC9-4FDF-8E7F-DF994D0809C9}.Debug|ARM.Build.0 = Debug|ARM
		{787E5DF2-CDC9-4FDF-8E7F-DF994D0809C9}.Debug|ARM.Deploy.0 = Debug|ARM
		{787E5DF2-CDC9-4FDF-8E7F-DF994D0809C9}.Debug|x64.ActiveCfg = Debug|x64
		{787E5DF2-CDC9-4FDF-8E7F-DF994D0809C9}.Debug|x64.Build.0 = Debug|x64
		{787E5DF2-CDC9-4FDF-8E7F-DF994D0809C9}.Debug|x64.Deploy.0 = Debug|x64
		{787E5DF2-CDC9-4FDF-8E7F-DF994D0809C9}.Debug|x86.ActiveCfg = Debug|x86
		{787E5DF2-CDC9-4FDF-8E7F-DF994D0809C9}.Debug|x86.Build.0 = Debug|x86
		{787E5DF2-CDC9-4FDF-8E7F-DF994D0809C9}.Debug|x86.Deploy.0 = Debug|x86
		{787E5DF2-CDC9-4FDF-8E7F-DF994D0809C9}.Release|ARM.ActiveCfg = Release|ARM
		{787E5DF2-CDC9-4FDF-8E7F-DF994D0809C9}.Release|ARM.Build.0 = Release|ARM
		{787E5DF2-CDC9-4FDF-8E7F-DF994D0809C9}.Release|ARM.Deploy.0 = Release|ARM
		{787E5DF2-CDC9-4FDF-8E7F-DF994D0809C9}.Release|x64.ActiveCfg = Release|x64
		{787E5DF2-CDC9-4FDF-8E7F-DF994D0809C9}.Release|x64.Build.0 = Release|x64
		{787E5DF2-CDC9-4FDF-8E7F-DF994D0809C9}.Release|x64.Deploy.0 = Release|x64
		{787E5DF2-CDC9-4FDF-8E7F-DF994D0809C9}.Release|x86.ActiveCfg = Release|x86
		{787E5DF2-CDC9-4FDF-8E7F-DF994D0809C9}.Release|x86.Build.0 = Release|x86
		{787E5DF2-CDC9-4FDF-8E7F-DF994D0809C9}.Release|x86.Deploy.0 = Release|x86
	EndGlobalSection
	GlobalSection(SolutionProperties) = preSolution
		HideSolutionNode = FALSE
	EndGlobalSection
EndGlobal
